// !$*UTF8*$!
{
	archiveVersion = 1;
	classes = {
	};
	objectVersion = 56;
	objects = {

/* Begin PBXBuildFile section */
		0D221EA62F5EA40200D78C17 /* EditToDoView.swift in Sources */ = {isa = PBXBuildFile; fileRef = 0D221EA52F5EA40200D78C17 /* EditToDoView.swift */; };
		F4EED6782A73756B00F2ED34 /* SwiftUIToDoListApp.swift in Sources */ = {isa = PBXBuildFile; fileRef = F4EED6772A73756B00F2ED34 /* SwiftUIToDoListApp.swift */; };
		F4EED67A2A73756B00F2ED34 /* ContentView.swift in Sources */ = {isa = PBXBuildFile; fileRef = F4EED6792A73756B00F2ED34 /* ContentView.swift */; };
		F4EED67C2A73756E00F2ED34 /* Assets.xcassets in Resources */ = {isa = PBXBuildFile; fileRef = F4EED67B2A73756E00F2ED34 /* Assets.xcassets */; };
		F4EED67F2A73756E00F2ED34 /* Preview Assets.xcassets in Resources */ = {isa = PBXBuildFile; fileRef = F4EED67E2A73756E00F2ED34 /* Preview Assets.xcassets */; };
		F4EED6882A737CD300F2ED34 /* ToDoItem.swift in Sources */ = {isa = PBXBuildFile; fileRef = F4EED6872A737CD300F2ED34 /* ToDoItem.swift */; };
		F4EED68A2A737FE900F2ED34 /* CheckboxStyle.swift in Sources */ = {isa = PBXBuildFile; fileRef = F4EED6892A737FE900F2ED34 /* CheckboxStyle.swift */; };
		F4EED68C2A73800900F2ED34 /* NewToDoView.swift in Sources */ = {isa = PBXBuildFile; fileRef = F4EED68B2A73800900F2ED34 /* NewToDoView.swift */; };
/* End PBXBuildFile section */

/* Begin PBXFileReference section */
		0D221EA52F5EA40200D78C17 /* EditToDoView.swift */ = {isa = PBXFileReference; lastKnownFileType = sourcecode.swift; path = EditToDoView.swift; sourceTree = "<group>"; };
		F4EED6742A73756B00F2ED34 /* SwiftUIToDoList.app */ = {isa = PBXFileReference; explicitFileType = wrapper.application; includeInIndex = 0; path = SwiftUIToDoList.app; sourceTree = BUILT_PRODUCTS_DIR; };
		F4EED6772A73756B00F2ED34 /* SwiftUIToDoListApp.swift */ = {isa = PBXFileReference; lastKnownFileType = sourcecode.swift; path = SwiftUIToDoListApp.swift; sourceTree = "<group>"; };
		F4EED6792A73756B00F2ED34 /* ContentView.swift */ = {isa = PBXFileReference; lastKnownFileType = sourcecode.swift; path = ContentView.swift; sourceTree = "<group>"; };
		F4EED67B2A73756E00F2ED34 /* Assets.xcassets */ = {isa = PBXFileReference; lastKnownFileType = folder.assetcatalog; path = Assets.xcassets; sourceTree = "<group>"; };
		F4EED67E2A73756E00F2ED34 /* Preview Assets.xcassets */ = {isa = PBXFileReference; lastKnownFileType = folder.assetcatalog; path = "Preview Assets.xcassets"; sourceTree = "<group>"; };
		F4EED6872A737CD300F2ED34 /* ToDoItem.swift */ = {isa = PBXFileReference; lastKnownFileType = sourcecode.swift; path = ToDoItem.swift; sourceTree = "<group>"; };
		F4EED6892A737FE900F2ED34 /* CheckboxStyle.swift */ = {isa = PBXFileReference; lastKnownFileType = sourcecode.swift; path = CheckboxStyle.swift; sourceTree = "<group>"; };
		F4EED68B2A73800900F2ED34 /* NewToDoView.swift */ = {isa = PBXFileReference; lastKnownFileType = sourcecode.swift; path = NewToDoView.swift; sourceTree = "<group>"; };
/* End PBXFileReference section */

/* Begin PBXFrameworksBuildPhase section */
		F4EED6712A73756B00F2ED34 /* Frameworks */ = {
			isa = PBXFrameworksBuildPhase;
			buildActionMask = 2147483647;
			files = (
			);
			runOnlyForDeploymentPostprocessing = 0;
		};
/* End PBXFrameworksBuildPhase section */

/* Begin PBXGroup section */
		F4EED66B2A73756B00F2ED34 = {
			isa = PBXGroup;
			children = (
				F4EED6762A73756B00F2ED34 /* SwiftUIToDoList */,
				F4EED6752A73756B00F2ED34 /* Products */,
			);
			sourceTree = "<group>";
		};
		F4EED6752A73756B00F2ED34 /* Products */ = {
			isa = PBXGroup;
			children = (
				F4EED6742A73756B00F2ED34 /* SwiftUIToDoList.app */,
			);
			name = Products;
			sourceTree = "<group>";
		};
		F4EED6762A73756B00F2ED34 /* SwiftUIToDoList */ = {
			isa = PBXGroup;
			children = (
				F4EED6862A737CC400F2ED34 /* Model */,
				F4EED6852A737CC000F2ED34 /* View */,
				F4EED6772A73756B00F2ED34 /* SwiftUIToDoListApp.swift */,
				F4EED67B2A73756E00F2ED34 /* Assets.xcassets */,
				F4EED67D2A73756E00F2ED34 /* Preview Content */,
			);
			path = SwiftUIToDoList;
			sourceTree = "<group>";
		};
		F4EED67D2A73756E00F2ED34 /* Preview Content */ = {
			isa = PBXGroup;
			children = (
				F4EED67E2A73756E00F2ED34 /* Preview Assets.xcassets */,
			);
			path = "Preview Content";
			sourceTree = "<group>";
		};
		F4EED6852A737CC000F2ED34 /* View */ = {
			isa = PBXGroup;
			children = (
				F4EED6792A73756B00F2ED34 /* ContentView.swift */,
				F4EED6892A737FE900F2ED34 /* CheckboxStyle.swift */,
				F4EED68B2A73800900F2ED34 /* NewToDoView.swift */,
				0D221EA52F5EA40200D78C17 /* EditToDoView.swift */,
			);
			path = View;
			sourceTree = "<group>";
		};
		F4EED6862A737CC400F2ED34 /* Model */ = {
			isa = PBXGroup;
			children = (
				F4EED6872A737CD300F2ED34 /* ToDoItem.swift */,
			);
			path = Model;
			sourceTree = "<group>";
		};
/* End PBXGroup section */

/* Begin PBXNativeTarget section */
		F4EED6732A73756B00F2ED34 /* SwiftUIToDoList */ = {
			isa = PBXNativeTarget;
			buildConfigurationList = F4EED6822A73756E00F2ED34 /* Build configuration list for PBXNativeTarget "SwiftUIToDoList" */;
			buildPhases = (
				F4EED6702A73756B00F2ED34 /* Sources */,
				F4EED6712A73756B00F2ED34 /* Frameworks */,
				F4EED6722A73756B00F2ED34 /* Resources */,
			);
			buildRules = (
			);
			dependencies = (
			);
			name = SwiftUIToDoList;
			productName = SwiftUIToDoList;
			productReference = F4EED6742A73756B00F2ED34 /* SwiftUIToDoList.app */;
			productType = "com.apple.product-type.application";
		};
/* End PBXNativeTarget section */

/* Begin PBXProject section */
		F4EED66C2A73756B00F2ED34 /* Project object */ = {
			isa = PBXProject;
			attributes = {
				BuildIndependentTargetsInParallel = 1;
				LastSwiftUpdateCheck = 1500;
				LastUpgradeCheck = 1500;
				TargetAttributes = {
					F4EED6732A73756B00F2ED34 = {
						CreatedOnToolsVersion = 15.0;
					};
				};
			};
			buildConfigurationList = F4EED66F2A73756B00F2ED34 /* Build configuration list for PBXProject "SwiftUIToDoList" */;
			compatibilityVersion = "Xcode 14.0";
			developmentRegion = en;
			hasScannedForEncodings = 0;
			knownRegions = (
				en,
				Base,
			);
			mainGroup = F4EED66B2A73756B00F2ED34;
			productRefGroup = F4EED6752A73756B00F2ED34 /* Products */;
			projectDirPath = "";
			projectRoot = "";
			targets = (
				F4EED6732A73756B00F2ED34 /* SwiftUIToDoList */,
			);
		};
/* End PBXProject section */

/* Begin PBXResourcesBuildPhase section */
		F4EED6722A73756B00F2ED34 /* Resources */ = {
			isa = PBXResourcesBuildPhase;
			buildActionMask = 2147483647;
			files = (
				F4EED67F2A73756E00F2ED34 /* Preview Assets.xcassets in Resources */,
				F4EED67C2A73756E00F2ED34 /* Assets.xcassets in Resources */,
			);
			runOnlyForDeploymentPostprocessing = 0;
		};
/* End PBXResourcesBuildPhase section */

/* Begin PBXSourcesBuildPhase section */
		F4EED6702A73756B00F2ED34 /* Sources */ = {
			isa = PBXSourcesBuildPhase;
			buildActionMask = 2147483647;
			files = (
				F4EED68C2A73800900F2ED34 /* NewToDoView.swift in Sources */,
				F4EED67A2A73756B00F2ED34 /* ContentView.swift in Sources */,
				F4EED6782A73756B00F2ED34 /* SwiftUIToDoListApp.swift in Sources */,
				F4EED68A2A737FE900F2ED34 /* CheckboxStyle.swift in Sources */,
				0D221EA62F5EA40200D78C17 /* EditToDoView.swift in Sources */,
				F4EED6882A737CD300F2ED34 /* ToDoItem.swift in Sources */,
			);
			runOnlyForDeploymentPostprocessing = 0;
		};
/* End PBXSourcesBuildPhase section */

/* Begin XCBuildConfiguration section */
		F4EED6802A73756E00F2ED34 /* Debug */ = {
			isa = XCBuildConfiguration;
			buildSettings = {
				ALWAYS_SEARCH_USER_PATHS = NO;
				ASSETCATALOG_COMPILER_GENERATE_SWIFT_ASSET_SYMBOL_EXTENSIONS = YES;
				CLANG_ANALYZER_NONNULL = YES;
				CLANG_ANALYZER_NUMBER_OBJECT_CONVERSION = YES_AGGRESSIVE;
				CLANG_CXX_LANGUAGE_STANDARD = "gnu++20";
				CLANG_ENABLE_MODULES = YES;
				CLANG_ENABLE_OBJC_ARC = YES;
				CLANG_ENABLE_OBJC_WEAK = YES;
				CLANG_WARN_BLOCK_CAPTURE_AUTORELEASING = YES;
				CLANG_WARN_BOOL_CONVERSION = YES;
				CLANG_WARN_COMMA = YES;
				CLANG_WARN_CONSTANT_CONVERSION = YES;
				CLANG_WARN_DEPRECATED_OBJC_IMPLEMENTATIONS = YES;
				CLANG_WARN_DIRECT_OBJC_ISA_USAGE = YES_ERROR;
				CLANG_WARN_DOCUMENTATION_COMMENTS = YES;
				CLANG_WARN_EMPTY_BODY = YES;
				CLANG_WARN_ENUM_CONVERSION = YES;
				CLANG_WARN_INFINITE_RECURSION = YES;
				CLANG_WARN_INT_CONVERSION = YES;
				CLANG_WARN_NON_LITERAL_NULL_CONVERSION = YES;
				CLANG_WARN_OBJC_IMPLICIT_RETAIN_SELF = YES;
				CLANG_WARN_OBJC_LITERAL_CONVERSION = YES;
				CLANG_WARN_OBJC_ROOT_CLASS = YES_ERROR;
				CLANG_WARN_QUOTED_INCLUDE_IN_FRAMEWORK_HEADER = YES;
				CLANG_WARN_RANGE_LOOP_ANALYSIS = YES;
				CLANG_WARN_STRICT_PROTOTYPES = YES;
				CLANG_WARN_SUSPICIOUS_MOVE = YES;
				CLANG_WARN_UNGUARDED_AVAILABILITY = YES_AGGRESSIVE;
				CLANG_WARN_UNREACHABLE_CODE = YES;
				CLANG_WARN__DUPLICATE_METHOD_MATCH = YES;
				COPY_PHASE_STRIP = NO;
				DEBUG_INFORMATION_FORMAT = dwarf;
				ENABLE_STRICT_OBJC_MSGSEND = YES;
				ENABLE_TESTABILITY = YES;
				ENABLE_USER_SCRIPT_SANDBOXING = YES;
				GCC_C_LANGUAGE_STANDARD = gnu17;
				GCC_DYNAMIC_NO_PIC = NO;
				GCC_NO_COMMON_BLOCKS = YES;
				GCC_OPTIMIZATION_LEVEL = 0;
				GCC_PREPROCESSOR_DEFINITIONS = (
					"DEBUG=1",
					"$(inherited)",
				);
				GCC_WARN_64_TO_32_BIT_CONVERSION = YES;
				GCC_WARN_ABOUT_RETURN_TYPE = YES_ERROR;
				GCC_WARN_UNDECLARED_SELECTOR = YES;
				GCC_WARN_UNINITIALIZED_AUTOS = YES_AGGRESSIVE;
				GCC_WARN_UNUSED_FUNCTION = YES;
				GCC_WARN_UNUSED_VARIABLE = YES;
				IPHONEOS_DEPLOYMENT_TARGET = 17.0;
				LOCALIZATION_PREFERS_STRING_CATALOGS = YES;
				MTL_ENABLE_DEBUG_INFO = INCLUDE_SOURCE;
				MTL_FAST_MATH = YES;
				ONLY_ACTIVE_ARCH = YES;
				SDKROOT = iphoneos;
				SWIFT_ACTIVE_COMPILATION_CONDITIONS = "DEBUG $(inherited)";
				SWIFT_OPTIMIZATION_LEVEL = "-Onone";
			};
			name = Debug;
		};
		F4EED6812A73756E00F2ED34 /* Release */ = {
			isa = XCBuildConfiguration;
			buildSettings = {
				ALWAYS_SEARCH_USER_PATHS = NO;
				ASSETCATALOG_COMPILER_GENERATE_SWIFT_ASSET_SYMBOL_EXTENSIONS = YES;
				CLANG_ANALYZER_NONNULL = YES;
				CLANG_ANALYZER_NUMBER_OBJECT_CONVERSION = YES_AGGRESSIVE;
				CLANG_CXX_LANGUAGE_STANDARD = "gnu++20";
				CLANG_ENABLE_MODULES = YES;
				CLANG_ENABLE_OBJC_ARC = YES;
				CLANG_ENABLE_OBJC_WEAK = YES;
				CLANG_WARN_BLOCK_CAPTURE_AUTORELEASING = YES;
				CLANG_WARN_BOOL_CONVERSION = YES;
				CLANG_WARN_COMMA = YES;
				CLANG_WARN_CONSTANT_CONVERSION = YES;
				CLANG_WARN_DEPRECATED_OBJC_IMPLEMENTATIONS = YES;
				CLANG_WARN_DIRECT_OBJC_ISA_USAGE = YES_ERROR;
				CLANG_WARN_DOCUMENTATION_COMMENTS = YES;
				CLANG_WARN_EMPTY_BODY = YES;
				CLANG_WARN_ENUM_CONVERSION = YES;
				CLANG_WARN_INFINITE_RECURSION = YES;
				CLANG_WARN_INT_CONVERSION = YES;
				CLANG_WARN_NON_LITERAL_NULL_CONVERSION = YES;
				CLANG_WARN_OBJC_IMPLICIT_RETAIN_SELF = YES;
				CLANG_WARN_OBJC_LITERAL_CONVERSION = YES;
				CLANG_WARN_OBJC_ROOT_CLASS = YES_ERROR;
				CLANG_WARN_QUOTED_INCLUDE_IN_FRAMEWORK_HEADER = YES;
				CLANG_WARN_RANGE_LOOP_ANALYSIS = YES;
				CLANG_WARN_STRICT_PROTOTYPES = YES;
				CLANG_WARN_SUSPICIOUS_MOVE = YES;
				CLANG_WARN_UNGUARDED_AVAILABILITY = YES_AGGRESSIVE;
				CLANG_WARN_UNREACHABLE_CODE = YES;
				CLANG_WARN__DUPLICATE_METHOD_MATCH = YES;
				COPY_PHASE_STRIP = NO;
				DEBUG_INFORMATION_FORMAT = "dwarf-with-dsym";
				ENABLE_NS_ASSERTIONS = NO;
				ENABLE_STRICT_OBJC_MSGSEND = YES;
				ENABLE_USER_SCRIPT_SANDBOXING = YES;
				GCC_C_LANGUAGE_STANDARD = gnu17;
				GCC_NO_COMMON_BLOCKS = YES;
				GCC_WARN_64_TO_32_BIT_CONVERSION = YES;
				GCC_WARN_ABOUT_RETURN_TYPE = YES_ERROR;
				GCC_WARN_UNDECLARED_SELECTOR = YES;
				GCC_WARN_UNINITIALIZED_AUTOS = YES_AGGRESSIVE;
				GCC_WARN_UNUSED_FUNCTION = YES;
				GCC_WARN_UNUSED_VARIABLE = YES;
				IPHONEOS_DEPLOYMENT_TARGET = 17.0;
				LOCALIZATION_PREFERS_STRING_CATALOGS = YES;
				MTL_ENABLE_DEBUG_INFO = NO;
				MTL_FAST_MATH = YES;
				SDKROOT = iphoneos;
				SWIFT_COMPILATION_MODE = wholemodule;
				VALIDATE_PRODUCT = YES;
			};
			name = Release;
		};
		F4EED6832A73756E00F2ED34 /* Debug */ = {
			isa = XCBuildConfiguration;
			buildSettings = {
				ASSETCATALOG_COMPILER_APPICON_NAME = AppIcon;
				ASSETCATALOG_COMPILER_GLOBAL_ACCENT_COLOR_NAME = AccentColor;
				CODE_SIGN_STYLE = Automatic;
				CURRENT_PROJECT_VERSION = 1;
				DEVELOPMENT_ASSET_PATHS = "\"SwiftUIToDoList/Preview Content\"";
				ENABLE_PREVIEWS = YES;
				GENERATE_INFOPLIST_FILE = YES;
				INFOPLIST_KEY_UIApplicationSceneManifest_Generation = YES;
				INFOPLIST_KEY_UIApplicationSupportsIndirectInputEvents = YES;
				INFOPLIST_KEY_UILaunchScreen_Generation = YES;
				INFOPLIST_KEY_UISupportedInterfaceOrientations_iPad = "UIInterfaceOrientationPortrait UIInterfaceOrientationPortraitUpsideDown UIInterfaceOrientationLandscapeLeft UIInterfaceOrientationLandscapeRight";
				INFOPLIST_KEY_UISupportedInterfaceOrientations_iPhone = "UIInterfaceOrientationPortrait UIInterfaceOrientationLandscapeLeft UIInterfaceOrientationLandscapeRight";
				LD_RUNPATH_SEARCH_PATHS = (
					"$(inherited)",
					"@executable_path/Frameworks",
				);
				MARKETING_VERSION = 1.0;
				PRODUCT_BUNDLE_IDENTIFIER = com.appcoda.SwiftUIToDoList;
				PRODUCT_NAME = "$(TARGET_NAME)";
				SWIFT_EMIT_LOC_STRINGS = YES;
				SWIFT_VERSION = 5.0;
				TARGETED_DEVICE_FAMILY = "1,2";
			};
			name = Debug;
		};
		F4EED6842A73756E00F2ED34 /* Release */ = {
			isa = XCBuildConfiguration;
			buildSettings = {
				ASSETCATALOG_COMPILER_APPICON_NAME = AppIcon;
				ASSETCATALOG_COMPILER_GLOBAL_ACCENT_COLOR_NAME = AccentColor;
				CODE_SIGN_STYLE = Automatic;
				CURRENT_PROJECT_VERSION = 1;
				DEVELOPMENT_ASSET_PATHS = "\"SwiftUIToDoList/Preview Content\"";
				ENABLE_PREVIEWS = YES;
				GENERATE_INFOPLIST_FILE = YES;
				INFOPLIST_KEY_UIApplicationSceneManifest_Generation = YES;
				INFOPLIST_KEY_UIApplicationSupportsIndirectInputEvents = YES;
				INFOPLIST_KEY_UILaunchScreen_Generation = YES;
				INFOPLIST_KEY_UISupportedInterfaceOrientations_iPad = "UIInterfaceOrientationPortrait UIInterfaceOrientationPortraitUpsideDown UIInterfaceOrientationLandscapeLeft UIInterfaceOrientationLandscapeRight";
				INFOPLIST_KEY_UISupportedInterfaceOrientations_iPhone = "UIInterfaceOrientationPortrait UIInterfaceOrientationLandscapeLeft UIInterfaceOrientationLandscapeRight";
				LD_RUNPATH_SEARCH_PATHS = (
					"$(inherited)",
					"@executable_path/Frameworks",
				);
				MARKETING_VERSION = 1.0;
				PRODUCT_BUNDLE_IDENTIFIER = com.appcoda.SwiftUIToDoList;
				PRODUCT_NAME = "$(TARGET_NAME)";
				SWIFT_EMIT_LOC_STRINGS = YES;
				SWIFT_VERSION = 5.0;
				TARGETED_DEVICE_FAMILY = "1,2";
			};
			name = Release;
		};
/* End XCBuildConfiguration section */

/* Begin XCConfigurationList section */
		F4EED66F2A73756B00F2ED34 /* Build configuration list for PBXProject "SwiftUIToDoList" */ = {
			isa = XCConfigurationList;
			buildConfigurations = (
				F4EED6802A73756E00F2ED34 /* Debug */,
				F4EED6812A73756E00F2ED34 /* Release */,
			);
			defaultConfigurationIsVisible = 0;
			defaultConfigurationName = Release;
		};
		F4EED6822A73756E00F2ED34 /* Build configuration list for PBXNativeTarget "SwiftUIToDoList" */ = {
			isa = XCConfigurationList;
			buildConfigurations = (
				F4EED6832A73756E00F2ED34 /* Debug */,
				F4EED6842A73756E00F2ED34 /* Release */,
			);
			defaultConfigurationIsVisible = 0;
			defaultConfigurationName = Release;
		};
/* End XCConfigurationList section */
	};
	rootObject = F4EED66C2A73756B00F2ED34 /* Project object */;
}
